<?xml version="1.0" encoding="UTF-8" standalone="yes" ?>
<CodeBlocks_project_file>
	<FileVersion major="1" minor="6" />
	<Project>
		<Option title="i2c_scaner" />
		<Option pch_mode="2" />
		<Option compiler="null" />
		<Build>
			<Target title="Debug Win32">
				<Option output="../Debug/i2c_scaner" prefix_auto="1" extension_auto="1" />
				<Option object_output="Debug/" />
				<Option deps_output="../Debug/" />
				<Option type="0" />
				<Option compiler="null" />
				<Compiler>
					<Add option="/D_MBCS" />
					<Add option="/Zi" />
					<Add option="/D__ESP32_esp32s2__" />
					<Add option="/D_VMDEBUG=1" />
					<Add option="/DHAVE_CONFIG_H" />
					<Add option="/DUNITY_INCLUDE_CONFIG_H" />
					<Add option="/DWITH_POSIX" />
					<Add option="/D_GNU_SOURCE" />
					<Add option="/DESP_PLATFORM" />
					<Add option="/DF_CPU=240000000L" />
					<Add option="/DARDUINO=108013" />
					<Add option="/DARDUINO_ESP32S2_DEV" />
					<Add option="/DARDUINO_ARCH_ESP32" />
					<Add option="/DESP32" />
					<Add option="/DCORE_DEBUG_LEVEL=4" />
					<Add option="/DARDUINO_SERIAL_PORT=0" />
					<Add option="/D__cplusplus=201103L" />
					<Add option="/D_VMICRO_INTELLISENSE" />
					<Add option="/Od" />
					<Add option="/W3" />
					<Add directory="../i2c_scaner/" />
					<Add directory="../../../../AppData/Local/arduino15/packages/esp32/hardware/esp32/1.0.4/libraries/Wire/src/" />
					<Add directory="../../../../AppData/Local/arduino15/packages/esp32/hardware/esp32/1.0.4/cores/esp32/" />
					<Add directory="../../../../AppData/Local/arduino15/packages/esp32/hardware/esp32/1.0.4/cores/esp32/apps/" />
					<Add directory="../../../../AppData/Local/arduino15/packages/esp32/hardware/esp32/1.0.4/cores/esp32/libb64/" />
					<Add directory="../../../../AppData/Local/arduino15/packages/esp32/hardware/esp32/1.0.4/variants/esp32s2/" />
					<Add directory="../../../../AppData/Local/arduino15/packages/esp32/hardware/esp32/1.0.4/tools/sdk/esp32s2/include/config/" />
					<Add directory="../../../../AppData/Local/arduino15/packages/esp32/hardware/esp32/1.0.4/tools/sdk/esp32s2/include/newlib/platform_include/" />
					<Add directory="../../../../AppData/Local/arduino15/packages/esp32/hardware/esp32/1.0.4/tools/sdk/esp32s2/include/freertos/include/" />
					<Add directory="../../../../AppData/Local/arduino15/packages/esp32/hardware/esp32/1.0.4/tools/sdk/esp32s2/include/freertos/xtensa/include/" />
					<Add directory="../../../../AppData/Local/arduino15/packages/esp32/hardware/esp32/1.0.4/tools/sdk/esp32s2/include/heap/include/" />
					<Add directory="../../../../AppData/Local/arduino15/packages/esp32/hardware/esp32/1.0.4/tools/sdk/esp32s2/include/log/include/" />
					<Add directory="../../../../AppData/Local/arduino15/packages/esp32/hardware/esp32/1.0.4/tools/sdk/esp32s2/include/lwip/include/apps/" />
					<Add directory="../../../../AppData/Local/arduino15/packages/esp32/hardware/esp32/1.0.4/tools/sdk/esp32s2/include/lwip/include/apps/sntp/" />
					<Add directory="../../../../AppData/Local/arduino15/packages/esp32/hardware/esp32/1.0.4/tools/sdk/esp32s2/include/lwip/lwip/src/include/" />
					<Add directory="../../../../AppData/Local/arduino15/packages/esp32/hardware/esp32/1.0.4/tools/sdk/esp32s2/include/lwip/port/esp32/include/" />
					<Add directory="../../../../AppData/Local/arduino15/packages/esp32/hardware/esp32/1.0.4/tools/sdk/esp32s2/include/lwip/port/esp32/include/arch/" />
					<Add directory="../../../../AppData/Local/arduino15/packages/esp32/hardware/esp32/1.0.4/tools/sdk/esp32s2/include/soc/include/" />
					<Add directory="../../../../AppData/Local/arduino15/packages/esp32/hardware/esp32/1.0.4/tools/sdk/esp32s2/include/soc/src/esp32s2/" />
					<Add directory="../../../../AppData/Local/arduino15/packages/esp32/hardware/esp32/1.0.4/tools/sdk/esp32s2/include/soc/src/esp32s2/include/" />
					<Add directory="../../../../AppData/Local/arduino15/packages/esp32/hardware/esp32/1.0.4/tools/sdk/esp32s2/include/hal/esp32s2/include/" />
					<Add directory="../../../../AppData/Local/arduino15/packages/esp32/hardware/esp32/1.0.4/tools/sdk/esp32s2/include/hal/include/" />
					<Add directory="../../../../AppData/Local/arduino15/packages/esp32/hardware/esp32/1.0.4/tools/sdk/esp32s2/include/esp_rom/include/" />
					<Add directory="../../../../AppData/Local/arduino15/packages/esp32/hardware/esp32/1.0.4/tools/sdk/esp32s2/include/esp_common/include/" />
					<Add directory="../../../../AppData/Local/arduino15/packages/esp32/hardware/esp32/1.0.4/tools/sdk/esp32s2/include/esp_system/include/" />
					<Add directory="../../../../AppData/Local/arduino15/packages/esp32/hardware/esp32/1.0.4/tools/sdk/esp32s2/include/xtensa/include/" />
					<Add directory="../../../../AppData/Local/arduino15/packages/esp32/hardware/esp32/1.0.4/tools/sdk/esp32s2/include/xtensa/esp32s2/include/" />
					<Add directory="../../../../AppData/Local/arduino15/packages/esp32/hardware/esp32/1.0.4/tools/sdk/esp32s2/include/esp32s2/include/" />
					<Add directory="../../../../AppData/Local/arduino15/packages/esp32/hardware/esp32/1.0.4/tools/sdk/esp32s2/include/driver/include/" />
					<Add directory="../../../../AppData/Local/arduino15/packages/esp32/hardware/esp32/1.0.4/tools/sdk/esp32s2/include/driver/esp32s2/include/" />
					<Add directory="../../../../AppData/Local/arduino15/packages/esp32/hardware/esp32/1.0.4/tools/sdk/esp32s2/include/esp_ringbuf/include/" />
					<Add directory="../../../../AppData/Local/arduino15/packages/esp32/hardware/esp32/1.0.4/tools/sdk/esp32s2/include/efuse/include/" />
					<Add directory="../../../../AppData/Local/arduino15/packages/esp32/hardware/esp32/1.0.4/tools/sdk/esp32s2/include/efuse/esp32s2/include/" />
					<Add directory="../../../../AppData/Local/arduino15/packages/esp32/hardware/esp32/1.0.4/tools/sdk/esp32s2/include/espcoredump/include/" />
					<Add directory="../../../../AppData/Local/arduino15/packages/esp32/hardware/esp32/1.0.4/tools/sdk/esp32s2/include/esp_timer/include/" />
					<Add directory="../../../../AppData/Local/arduino15/packages/esp32/hardware/esp32/1.0.4/tools/sdk/esp32s2/include/esp_ipc/include/" />
					<Add directory="../../../../AppData/Local/arduino15/packages/esp32/hardware/esp32/1.0.4/tools/sdk/esp32s2/include/esp_pm/include/" />
					<Add directory="../../../../AppData/Local/arduino15/packages/esp32/hardware/esp32/1.0.4/tools/sdk/esp32s2/include/soc/soc/esp32s2/include/" />
					<Add directory="../../../../AppData/Local/arduino15/packages/esp32/hardware/esp32/1.0.4/tools/sdk/esp32s2/include/soc/soc/include/" />
					<Add directory="../../../../AppData/Local/arduino15/packages/esp32/hardware/esp32/1.0.4/tools/sdk/esp32s2/include/soc/soc/esp32s2/private_include/" />
					<Add directory="../../../../AppData/Local/arduino15/packages/esp32/hardware/esp32/1.0.4/tools/sdk/esp32s2/include/vfs/include/" />
					<Add directory="../../../../AppData/Local/arduino15/packages/esp32/hardware/esp32/1.0.4/tools/sdk/esp32s2/include/esp_wifi/include/" />
					<Add directory="../../../../AppData/Local/arduino15/packages/esp32/hardware/esp32/1.0.4/tools/sdk/esp32s2/include/esp_wifi/esp32s2/include/" />
					<Add directory="../../../../AppData/Local/arduino15/packages/esp32/hardware/esp32/1.0.4/tools/sdk/esp32s2/include/esp_event/include/" />
					<Add directory="../../../../AppData/Local/arduino15/packages/esp32/hardware/esp32/1.0.4/tools/sdk/esp32s2/include/esp_netif/include/" />
					<Add directory="../../../../AppData/Local/arduino15/packages/esp32/hardware/esp32/1.0.4/tools/sdk/esp32s2/include/esp_eth/include/" />
					<Add directory="../../../../AppData/Local/arduino15/packages/esp32/hardware/esp32/1.0.4/tools/sdk/esp32s2/include/tcpip_adapter/include/" />
					<Add directory="../../../../AppData/Local/arduino15/packages/esp32/hardware/esp32/1.0.4/tools/sdk/esp32s2/include/app_trace/include/" />
					<Add directory="../../../../AppData/Local/arduino15/packages/esp32/hardware/esp32/1.0.4/tools/sdk/esp32s2/include/mbedtls/port/include/" />
					<Add directory="../../../../AppData/Local/arduino15/packages/esp32/hardware/esp32/1.0.4/tools/sdk/esp32s2/include/mbedtls/mbedtls/include/" />
					<Add directory="../../../../AppData/Local/arduino15/packages/esp32/hardware/esp32/1.0.4/tools/sdk/esp32s2/include/mbedtls/esp_crt_bundle/include/" />
					<Add directory="../../../../AppData/Local/arduino15/packages/esp32/hardware/esp32/1.0.4/tools/sdk/esp32s2/include/bootloader_support/include/" />
					<Add directory="../../../../AppData/Local/arduino15/packages/esp32/hardware/esp32/1.0.4/tools/sdk/esp32s2/include/app_update/include/" />
					<Add directory="../../../../AppData/Local/arduino15/packages/esp32/hardware/esp32/1.0.4/tools/sdk/esp32s2/include/spi_flash/include/" />
					<Add directory="../../../../AppData/Local/arduino15/packages/esp32/hardware/esp32/1.0.4/tools/sdk/esp32s2/include/nvs_flash/include/" />
					<Add directory="../../../../AppData/Local/arduino15/packages/esp32/hardware/esp32/1.0.4/tools/sdk/esp32s2/include/pthread/include/" />
					<Add directory="../../../../AppData/Local/arduino15/packages/esp32/hardware/esp32/1.0.4/tools/sdk/esp32s2/include/wpa_supplicant/include/" />
					<Add directory="../../../../AppData/Local/arduino15/packages/esp32/hardware/esp32/1.0.4/tools/sdk/esp32s2/include/wpa_supplicant/port/include/" />
					<Add directory="../../../../AppData/Local/arduino15/packages/esp32/hardware/esp32/1.0.4/tools/sdk/esp32s2/include/wpa_supplicant/include/esp_supplicant/" />
					<Add directory="../../../../AppData/Local/arduino15/packages/esp32/hardware/esp32/1.0.4/tools/sdk/esp32s2/include/asio/asio/asio/include/" />
					<Add directory="../../../../AppData/Local/arduino15/packages/esp32/hardware/esp32/1.0.4/tools/sdk/esp32s2/include/asio/port/include/" />
					<Add directory="../../../../AppData/Local/arduino15/packages/esp32/hardware/esp32/1.0.4/tools/sdk/esp32s2/include/cbor/port/include/" />
					<Add directory="../../../../AppData/Local/arduino15/packages/esp32/hardware/esp32/1.0.4/tools/sdk/esp32s2/include/unity/include/" />
					<Add directory="../../../../AppData/Local/arduino15/packages/esp32/hardware/esp32/1.0.4/tools/sdk/esp32s2/include/unity/unity/src/" />
					<Add directory="../../../../AppData/Local/arduino15/packages/esp32/hardware/esp32/1.0.4/tools/sdk/esp32s2/include/unity/unity/extras/fixture/src/" />
					<Add directory="../../../../AppData/Local/arduino15/packages/esp32/hardware/esp32/1.0.4/tools/sdk/esp32s2/include/cmock/CMock/src/" />
					<Add directory="../../../../AppData/Local/arduino15/packages/esp32/hardware/esp32/1.0.4/tools/sdk/esp32s2/include/coap/port/include/" />
					<Add directory="../../../../AppData/Local/arduino15/packages/esp32/hardware/esp32/1.0.4/tools/sdk/esp32s2/include/coap/port/include/coap/" />
					<Add directory="../../../../AppData/Local/arduino15/packages/esp32/hardware/esp32/1.0.4/tools/sdk/esp32s2/include/coap/libcoap/include/" />
					<Add directory="../../../../AppData/Local/arduino15/packages/esp32/hardware/esp32/1.0.4/tools/sdk/esp32s2/include/coap/libcoap/include/coap2/" />
					<Add directory="../../../../AppData/Local/arduino15/packages/esp32/hardware/esp32/1.0.4/tools/sdk/esp32s2/include/console/" />
					<Add directory="../../../../AppData/Local/arduino15/packages/esp32/hardware/esp32/1.0.4/tools/sdk/esp32s2/include/nghttp/port/include/" />
					<Add directory="../../../../AppData/Local/arduino15/packages/esp32/hardware/esp32/1.0.4/tools/sdk/esp32s2/include/nghttp/nghttp2/lib/includes/" />
					<Add directory="../../../../AppData/Local/arduino15/packages/esp32/hardware/esp32/1.0.4/tools/sdk/esp32s2/include/esp-tls/" />
					<Add directory="../../../../AppData/Local/arduino15/packages/esp32/hardware/esp32/1.0.4/tools/sdk/esp32s2/include/esp_adc_cal/include/" />
					<Add directory="../../../../AppData/Local/arduino15/packages/esp32/hardware/esp32/1.0.4/tools/sdk/esp32s2/include/esp_gdbstub/include/" />
					<Add directory="../../../../AppData/Local/arduino15/packages/esp32/hardware/esp32/1.0.4/tools/sdk/esp32s2/include/esp_hid/include/" />
					<Add directory="../../../../AppData/Local/arduino15/packages/esp32/hardware/esp32/1.0.4/tools/sdk/esp32s2/include/tcp_transport/include/" />
					<Add directory="../../../../AppData/Local/arduino15/packages/esp32/hardware/esp32/1.0.4/tools/sdk/esp32s2/include/esp_http_client/include/" />
					<Add directory="../../../../AppData/Local/arduino15/packages/esp32/hardware/esp32/1.0.4/tools/sdk/esp32s2/include/esp_http_server/include/" />
					<Add directory="../../../../AppData/Local/arduino15/packages/esp32/hardware/esp32/1.0.4/tools/sdk/esp32s2/include/esp_https_ota/include/" />
					<Add directory="../../../../AppData/Local/arduino15/packages/esp32/hardware/esp32/1.0.4/tools/sdk/esp32s2/include/esp_https_server/include/" />
					<Add directory="../../../../AppData/Local/arduino15/packages/esp32/hardware/esp32/1.0.4/tools/sdk/esp32s2/include/protobuf-c/protobuf-c/" />
					<Add directory="../../../../AppData/Local/arduino15/packages/esp32/hardware/esp32/1.0.4/tools/sdk/esp32s2/include/protocomm/include/common/" />
					<Add directory="../../../../AppData/Local/arduino15/packages/esp32/hardware/esp32/1.0.4/tools/sdk/esp32s2/include/protocomm/include/security/" />
					<Add directory="../../../../AppData/Local/arduino15/packages/esp32/hardware/esp32/1.0.4/tools/sdk/esp32s2/include/protocomm/include/transports/" />
					<Add directory="../../../../AppData/Local/arduino15/packages/esp32/hardware/esp32/1.0.4/tools/sdk/esp32s2/include/mdns/include/" />
					<Add directory="../../../../AppData/Local/arduino15/packages/esp32/hardware/esp32/1.0.4/tools/sdk/esp32s2/include/esp_local_ctrl/include/" />
					<Add directory="../../../../AppData/Local/arduino15/packages/esp32/hardware/esp32/1.0.4/tools/sdk/esp32s2/include/sdmmc/include/" />
					<Add directory="../../../../AppData/Local/arduino15/packages/esp32/hardware/esp32/1.0.4/tools/sdk/esp32s2/include/esp_serial_slave_link/include/" />
					<Add directory="../../../../AppData/Local/arduino15/packages/esp32/hardware/esp32/1.0.4/tools/sdk/esp32s2/include/esp_websocket_client/include/" />
					<Add directory="../../../../AppData/Local/arduino15/packages/esp32/hardware/esp32/1.0.4/tools/sdk/esp32s2/include/expat/expat/expat/lib/" />
					<Add directory="../../../../AppData/Local/arduino15/packages/esp32/hardware/esp32/1.0.4/tools/sdk/esp32s2/include/expat/port/include/" />
					<Add directory="../../../../AppData/Local/arduino15/packages/esp32/hardware/esp32/1.0.4/tools/sdk/esp32s2/include/wear_levelling/include/" />
					<Add directory="../../../../AppData/Local/arduino15/packages/esp32/hardware/esp32/1.0.4/tools/sdk/esp32s2/include/fatfs/diskio/" />
					<Add directory="../../../../AppData/Local/arduino15/packages/esp32/hardware/esp32/1.0.4/tools/sdk/esp32s2/include/fatfs/vfs/" />
					<Add directory="../../../../AppData/Local/arduino15/packages/esp32/hardware/esp32/1.0.4/tools/sdk/esp32s2/include/fatfs/src/" />
					<Add directory="../../../../AppData/Local/arduino15/packages/esp32/hardware/esp32/1.0.4/tools/sdk/esp32s2/include/freemodbus/common/include/" />
					<Add directory="../../../../AppData/Local/arduino15/packages/esp32/hardware/esp32/1.0.4/tools/sdk/esp32s2/include/idf_test/include/" />
					<Add directory="../../../../AppData/Local/arduino15/packages/esp32/hardware/esp32/1.0.4/tools/sdk/esp32s2/include/idf_test/include/esp32s2/" />
					<Add directory="../../../../AppData/Local/arduino15/packages/esp32/hardware/esp32/1.0.4/tools/sdk/esp32s2/include/jsmn/include/" />
					<Add directory="../../../../AppData/Local/arduino15/packages/esp32/hardware/esp32/1.0.4/tools/sdk/esp32s2/include/json/cJSON/" />
					<Add directory="../../../../AppData/Local/arduino15/packages/esp32/hardware/esp32/1.0.4/tools/sdk/esp32s2/include/libsodium/libsodium/src/libsodium/include/" />
					<Add directory="../../../../AppData/Local/arduino15/packages/esp32/hardware/esp32/1.0.4/tools/sdk/esp32s2/include/libsodium/port_include/" />
					<Add directory="../../../../AppData/Local/arduino15/packages/esp32/hardware/esp32/1.0.4/tools/sdk/esp32s2/include/mqtt/esp-mqtt/include/" />
					<Add directory="../../../../AppData/Local/arduino15/packages/esp32/hardware/esp32/1.0.4/tools/sdk/esp32s2/include/openssl/include/" />
					<Add directory="../../../../AppData/Local/arduino15/packages/esp32/hardware/esp32/1.0.4/tools/sdk/esp32s2/include/perfmon/include/" />
					<Add directory="../../../../AppData/Local/arduino15/packages/esp32/hardware/esp32/1.0.4/tools/sdk/esp32s2/include/spiffs/include/" />
					<Add directory="../../../../AppData/Local/arduino15/packages/esp32/hardware/esp32/1.0.4/tools/sdk/esp32s2/include/freertos/include/freertos/" />
					<Add directory="../../../../AppData/Local/arduino15/packages/esp32/hardware/esp32/1.0.4/tools/sdk/esp32s2/include/tinyusb/tinyusb/src/" />
					<Add directory="../../../../AppData/Local/arduino15/packages/esp32/hardware/esp32/1.0.4/tools/sdk/esp32s2/include/tinyusb/additions/include/" />
					<Add directory="../../../../AppData/Local/arduino15/packages/esp32/hardware/esp32/1.0.4/tools/sdk/esp32s2/include/ulp/include/" />
					<Add directory="../../../../AppData/Local/arduino15/packages/esp32/hardware/esp32/1.0.4/tools/sdk/esp32s2/include/wifi_provisioning/include/" />
					<Add directory="../../../../AppData/Local/arduino15/packages/esp32/hardware/esp32/1.0.4/tools/sdk/esp32s2/include/esp-face/face_detection/include/" />
					<Add directory="../../../../AppData/Local/arduino15/packages/esp32/hardware/esp32/1.0.4/tools/sdk/esp32s2/include/esp-face/face_recognition/include/" />
					<Add directory="../../../../AppData/Local/arduino15/packages/esp32/hardware/esp32/1.0.4/tools/sdk/esp32s2/include/esp-face/object_detection/include/" />
					<Add directory="../../../../AppData/Local/arduino15/packages/esp32/hardware/esp32/1.0.4/tools/sdk/esp32s2/include/esp-face/image_util/include/" />
					<Add directory="../../../../AppData/Local/arduino15/packages/esp32/hardware/esp32/1.0.4/tools/sdk/esp32s2/include/esp-face/pose_estimation/include/" />
					<Add directory="../../../../AppData/Local/arduino15/packages/esp32/hardware/esp32/1.0.4/tools/sdk/esp32s2/include/esp-face/lib/include/" />
					<Add directory="../../../../AppData/Local/arduino15/packages/esp32/hardware/esp32/1.0.4/tools/sdk/esp32s2/include/esp_littlefs/src/" />
					<Add directory="../../../../AppData/Local/arduino15/packages/esp32/hardware/esp32/1.0.4/tools/sdk/esp32s2/include/esp_littlefs/include/" />
					<Add directory="../../../../AppData/Local/arduino15/packages/esp32/hardware/esp32/1.0.4/tools/sdk/esp32s2/include/fb_gfx/include/" />
					<Add directory="../../I2C_SC~1/I2C_SC~1/" />
					<Add directory="../../../../AppData/Local/arduino15/packages/esp32/tools/xtensa-esp32-elf-gcc/1.22.0-80-g6c4433a-5.2.0/lib/gcc/xtensa-esp32-elf/5.2.0/include/" />
					<Add directory="../../../../AppData/Local/arduino15/packages/esp32/tools/xtensa-esp32-elf-gcc/1.22.0-80-g6c4433a-5.2.0/xtensa-esp32-elf/include/c++/5.2.0/xtensa-esp32-elf/" />
					<Add directory="../../../../AppData/Local/arduino15/packages/esp32/tools/xtensa-esp32-elf-gcc/1.22.0-80-g6c4433a-5.2.0/xtensa-esp32-elf/include/" />
					<Add directory="../../../../AppData/Local/arduino15/packages/esp32/tools/xtensa-esp32-elf-gcc/1.22.0-80-g6c4433a-5.2.0/xtensa-esp32-elf/include/c++/5.2.0/" />
					<Add directory="../../../../AppData/Local/arduino15/packages/esp32/tools/xtensa-esp32-elf-gcc/1.22.0-80-g6c4433a-5.2.0/include/c++/5.2.0/" />
					<Add directory="../../../../AppData/Local/arduino15/packages/esp32/tools/xtensa-esp32-elf-gcc/1.22.0-80-g6c4433a-5.2.0/include/" />
					<Add directory="../../../../AppData/Local/arduino15/packages/esp32/hardware/esp32/1.0.4/tools/sdk/include/" />
				</Compiler>
				<Linker>
					<Add option="/debug" />
					<Add library="winmm.lib" />
					<Add library="comctl32.lib" />
					<Add library="kernel32.lib" />
					<Add library="user32.lib" />
					<Add library="gdi32.lib" />
					<Add library="winspool.lib" />
					<Add library="comdlg32.lib" />
					<Add library="advapi32.lib" />
					<Add library="shell32.lib" />
					<Add library="ole32.lib" />
					<Add library="oleaut32.lib" />
					<Add library="uuid.lib" />
					<Add library="odbc32.lib" />
					<Add library="odbccp32.lib" />
				</Linker>
			</Target>
			<Target title="Release Win32">
				<Option output="../Release/i2c_scaner" prefix_auto="1" extension_auto="1" />
				<Option object_output="Release/" />
				<Option deps_output="../Release/" />
				<Option type="0" />
				<Option compiler="null" />
				<Compiler>
					<Add option="/D_MBCS" />
					<Add option="/D__ESP32_esp32s2__" />
					<Add option="/DHAVE_CONFIG_H" />
					<Add option="/DUNITY_INCLUDE_CONFIG_H" />
					<Add option="/DWITH_POSIX" />
					<Add option="/D_GNU_SOURCE" />
					<Add option="/DESP_PLATFORM" />
					<Add option="/DF_CPU=240000000L" />
					<Add option="/DARDUINO=108013" />
					<Add option="/DARDUINO_ESP32S2_DEV" />
					<Add option="/DARDUINO_ARCH_ESP32" />
					<Add option="/DESP32" />
					<Add option="/DCORE_DEBUG_LEVEL=4" />
					<Add option="/DARDUINO_SERIAL_PORT=0" />
					<Add option="/D__cplusplus=201103L" />
					<Add option="/D_VMICRO_INTELLISENSE" />
					<Add option="/O2" />
					<Add option="/W3" />
					<Add directory="../i2c_scaner/" />
					<Add directory="../../../../AppData/Local/arduino15/packages/esp32/hardware/esp32/1.0.4/libraries/Wire/src/" />
					<Add directory="../../../../AppData/Local/arduino15/packages/esp32/hardware/esp32/1.0.4/cores/esp32/" />
					<Add directory="../../../../AppData/Local/arduino15/packages/esp32/hardware/esp32/1.0.4/cores/esp32/apps/" />
					<Add directory="../../../../AppData/Local/arduino15/packages/esp32/hardware/esp32/1.0.4/cores/esp32/libb64/" />
					<Add directory="../../../../AppData/Local/arduino15/packages/esp32/hardware/esp32/1.0.4/variants/esp32s2/" />
					<Add directory="../../../../AppData/Local/arduino15/packages/esp32/hardware/esp32/1.0.4/tools/sdk/esp32s2/include/config/" />
					<Add directory="../../../../AppData/Local/arduino15/packages/esp32/hardware/esp32/1.0.4/tools/sdk/esp32s2/include/newlib/platform_include/" />
					<Add directory="../../../../AppData/Local/arduino15/packages/esp32/hardware/esp32/1.0.4/tools/sdk/esp32s2/include/freertos/include/" />
					<Add directory="../../../../AppData/Local/arduino15/packages/esp32/hardware/esp32/1.0.4/tools/sdk/esp32s2/include/freertos/xtensa/include/" />
					<Add directory="../../../../AppData/Local/arduino15/packages/esp32/hardware/esp32/1.0.4/tools/sdk/esp32s2/include/heap/include/" />
					<Add directory="../../../../AppData/Local/arduino15/packages/esp32/hardware/esp32/1.0.4/tools/sdk/esp32s2/include/log/include/" />
					<Add directory="../../../../AppData/Local/arduino15/packages/esp32/hardware/esp32/1.0.4/tools/sdk/esp32s2/include/lwip/include/apps/" />
					<Add directory="../../../../AppData/Local/arduino15/packages/esp32/hardware/esp32/1.0.4/tools/sdk/esp32s2/include/lwip/include/apps/sntp/" />
					<Add directory="../../../../AppData/Local/arduino15/packages/esp32/hardware/esp32/1.0.4/tools/sdk/esp32s2/include/lwip/lwip/src/include/" />
					<Add directory="../../../../AppData/Local/arduino15/packages/esp32/hardware/esp32/1.0.4/tools/sdk/esp32s2/include/lwip/port/esp32/include/" />
					<Add directory="../../../../AppData/Local/arduino15/packages/esp32/hardware/esp32/1.0.4/tools/sdk/esp32s2/include/lwip/port/esp32/include/arch/" />
					<Add directory="../../../../AppData/Local/arduino15/packages/esp32/hardware/esp32/1.0.4/tools/sdk/esp32s2/include/soc/include/" />
					<Add directory="../../../../AppData/Local/arduino15/packages/esp32/hardware/esp32/1.0.4/tools/sdk/esp32s2/include/soc/src/esp32s2/" />
					<Add directory="../../../../AppData/Local/arduino15/packages/esp32/hardware/esp32/1.0.4/tools/sdk/esp32s2/include/soc/src/esp32s2/include/" />
					<Add directory="../../../../AppData/Local/arduino15/packages/esp32/hardware/esp32/1.0.4/tools/sdk/esp32s2/include/hal/esp32s2/include/" />
					<Add directory="../../../../AppData/Local/arduino15/packages/esp32/hardware/esp32/1.0.4/tools/sdk/esp32s2/include/hal/include/" />
					<Add directory="../../../../AppData/Local/arduino15/packages/esp32/hardware/esp32/1.0.4/tools/sdk/esp32s2/include/esp_rom/include/" />
					<Add directory="../../../../AppData/Local/arduino15/packages/esp32/hardware/esp32/1.0.4/tools/sdk/esp32s2/include/esp_common/include/" />
					<Add directory="../../../../AppData/Local/arduino15/packages/esp32/hardware/esp32/1.0.4/tools/sdk/esp32s2/include/esp_system/include/" />
					<Add directory="../../../../AppData/Local/arduino15/packages/esp32/hardware/esp32/1.0.4/tools/sdk/esp32s2/include/xtensa/include/" />
					<Add directory="../../../../AppData/Local/arduino15/packages/esp32/hardware/esp32/1.0.4/tools/sdk/esp32s2/include/xtensa/esp32s2/include/" />
					<Add directory="../../../../AppData/Local/arduino15/packages/esp32/hardware/esp32/1.0.4/tools/sdk/esp32s2/include/esp32s2/include/" />
					<Add directory="../../../../AppData/Local/arduino15/packages/esp32/hardware/esp32/1.0.4/tools/sdk/esp32s2/include/driver/include/" />
					<Add directory="../../../../AppData/Local/arduino15/packages/esp32/hardware/esp32/1.0.4/tools/sdk/esp32s2/include/driver/esp32s2/include/" />
					<Add directory="../../../../AppData/Local/arduino15/packages/esp32/hardware/esp32/1.0.4/tools/sdk/esp32s2/include/esp_ringbuf/include/" />
					<Add directory="../../../../AppData/Local/arduino15/packages/esp32/hardware/esp32/1.0.4/tools/sdk/esp32s2/include/efuse/include/" />
					<Add directory="../../../../AppData/Local/arduino15/packages/esp32/hardware/esp32/1.0.4/tools/sdk/esp32s2/include/efuse/esp32s2/include/" />
					<Add directory="../../../../AppData/Local/arduino15/packages/esp32/hardware/esp32/1.0.4/tools/sdk/esp32s2/include/espcoredump/include/" />
					<Add directory="../../../../AppData/Local/arduino15/packages/esp32/hardware/esp32/1.0.4/tools/sdk/esp32s2/include/esp_timer/include/" />
					<Add directory="../../../../AppData/Local/arduino15/packages/esp32/hardware/esp32/1.0.4/tools/sdk/esp32s2/include/esp_ipc/include/" />
					<Add directory="../../../../AppData/Local/arduino15/packages/esp32/hardware/esp32/1.0.4/tools/sdk/esp32s2/include/esp_pm/include/" />
					<Add directory="../../../../AppData/Local/arduino15/packages/esp32/hardware/esp32/1.0.4/tools/sdk/esp32s2/include/soc/soc/esp32s2/include/" />
					<Add directory="../../../../AppData/Local/arduino15/packages/esp32/hardware/esp32/1.0.4/tools/sdk/esp32s2/include/soc/soc/include/" />
					<Add directory="../../../../AppData/Local/arduino15/packages/esp32/hardware/esp32/1.0.4/tools/sdk/esp32s2/include/soc/soc/esp32s2/private_include/" />
					<Add directory="../../../../AppData/Local/arduino15/packages/esp32/hardware/esp32/1.0.4/tools/sdk/esp32s2/include/vfs/include/" />
					<Add directory="../../../../AppData/Local/arduino15/packages/esp32/hardware/esp32/1.0.4/tools/sdk/esp32s2/include/esp_wifi/include/" />
					<Add directory="../../../../AppData/Local/arduino15/packages/esp32/hardware/esp32/1.0.4/tools/sdk/esp32s2/include/esp_wifi/esp32s2/include/" />
					<Add directory="../../../../AppData/Local/arduino15/packages/esp32/hardware/esp32/1.0.4/tools/sdk/esp32s2/include/esp_event/include/" />
					<Add directory="../../../../AppData/Local/arduino15/packages/esp32/hardware/esp32/1.0.4/tools/sdk/esp32s2/include/esp_netif/include/" />
					<Add directory="../../../../AppData/Local/arduino15/packages/esp32/hardware/esp32/1.0.4/tools/sdk/esp32s2/include/esp_eth/include/" />
					<Add directory="../../../../AppData/Local/arduino15/packages/esp32/hardware/esp32/1.0.4/tools/sdk/esp32s2/include/tcpip_adapter/include/" />
					<Add directory="../../../../AppData/Local/arduino15/packages/esp32/hardware/esp32/1.0.4/tools/sdk/esp32s2/include/app_trace/include/" />
					<Add directory="../../../../AppData/Local/arduino15/packages/esp32/hardware/esp32/1.0.4/tools/sdk/esp32s2/include/mbedtls/port/include/" />
					<Add directory="../../../../AppData/Local/arduino15/packages/esp32/hardware/esp32/1.0.4/tools/sdk/esp32s2/include/mbedtls/mbedtls/include/" />
					<Add directory="../../../../AppData/Local/arduino15/packages/esp32/hardware/esp32/1.0.4/tools/sdk/esp32s2/include/mbedtls/esp_crt_bundle/include/" />
					<Add directory="../../../../AppData/Local/arduino15/packages/esp32/hardware/esp32/1.0.4/tools/sdk/esp32s2/include/bootloader_support/include/" />
					<Add directory="../../../../AppData/Local/arduino15/packages/esp32/hardware/esp32/1.0.4/tools/sdk/esp32s2/include/app_update/include/" />
					<Add directory="../../../../AppData/Local/arduino15/packages/esp32/hardware/esp32/1.0.4/tools/sdk/esp32s2/include/spi_flash/include/" />
					<Add directory="../../../../AppData/Local/arduino15/packages/esp32/hardware/esp32/1.0.4/tools/sdk/esp32s2/include/nvs_flash/include/" />
					<Add directory="../../../../AppData/Local/arduino15/packages/esp32/hardware/esp32/1.0.4/tools/sdk/esp32s2/include/pthread/include/" />
					<Add directory="../../../../AppData/Local/arduino15/packages/esp32/hardware/esp32/1.0.4/tools/sdk/esp32s2/include/wpa_supplicant/include/" />
					<Add directory="../../../../AppData/Local/arduino15/packages/esp32/hardware/esp32/1.0.4/tools/sdk/esp32s2/include/wpa_supplicant/port/include/" />
					<Add directory="../../../../AppData/Local/arduino15/packages/esp32/hardware/esp32/1.0.4/tools/sdk/esp32s2/include/wpa_supplicant/include/esp_supplicant/" />
					<Add directory="../../../../AppData/Local/arduino15/packages/esp32/hardware/esp32/1.0.4/tools/sdk/esp32s2/include/asio/asio/asio/include/" />
					<Add directory="../../../../AppData/Local/arduino15/packages/esp32/hardware/esp32/1.0.4/tools/sdk/esp32s2/include/asio/port/include/" />
					<Add directory="../../../../AppData/Local/arduino15/packages/esp32/hardware/esp32/1.0.4/tools/sdk/esp32s2/include/cbor/port/include/" />
					<Add directory="../../../../AppData/Local/arduino15/packages/esp32/hardware/esp32/1.0.4/tools/sdk/esp32s2/include/unity/include/" />
					<Add directory="../../../../AppData/Local/arduino15/packages/esp32/hardware/esp32/1.0.4/tools/sdk/esp32s2/include/unity/unity/src/" />
					<Add directory="../../../../AppData/Local/arduino15/packages/esp32/hardware/esp32/1.0.4/tools/sdk/esp32s2/include/unity/unity/extras/fixture/src/" />
					<Add directory="../../../../AppData/Local/arduino15/packages/esp32/hardware/esp32/1.0.4/tools/sdk/esp32s2/include/cmock/CMock/src/" />
					<Add directory="../../../../AppData/Local/arduino15/packages/esp32/hardware/esp32/1.0.4/tools/sdk/esp32s2/include/coap/port/include/" />
					<Add directory="../../../../AppData/Local/arduino15/packages/esp32/hardware/esp32/1.0.4/tools/sdk/esp32s2/include/coap/port/include/coap/" />
					<Add directory="../../../../AppData/Local/arduino15/packages/esp32/hardware/esp32/1.0.4/tools/sdk/esp32s2/include/coap/libcoap/include/" />
					<Add directory="../../../../AppData/Local/arduino15/packages/esp32/hardware/esp32/1.0.4/tools/sdk/esp32s2/include/coap/libcoap/include/coap2/" />
					<Add directory="../../../../AppData/Local/arduino15/packages/esp32/hardware/esp32/1.0.4/tools/sdk/esp32s2/include/console/" />
					<Add directory="../../../../AppData/Local/arduino15/packages/esp32/hardware/esp32/1.0.4/tools/sdk/esp32s2/include/nghttp/port/include/" />
					<Add directory="../../../../AppData/Local/arduino15/packages/esp32/hardware/esp32/1.0.4/tools/sdk/esp32s2/include/nghttp/nghttp2/lib/includes/" />
					<Add directory="../../../../AppData/Local/arduino15/packages/esp32/hardware/esp32/1.0.4/tools/sdk/esp32s2/include/esp-tls/" />
					<Add directory="../../../../AppData/Local/arduino15/packages/esp32/hardware/esp32/1.0.4/tools/sdk/esp32s2/include/esp_adc_cal/include/" />
					<Add directory="../../../../AppData/Local/arduino15/packages/esp32/hardware/esp32/1.0.4/tools/sdk/esp32s2/include/esp_gdbstub/include/" />
					<Add directory="../../../../AppData/Local/arduino15/packages/esp32/hardware/esp32/1.0.4/tools/sdk/esp32s2/include/esp_hid/include/" />
					<Add directory="../../../../AppData/Local/arduino15/packages/esp32/hardware/esp32/1.0.4/tools/sdk/esp32s2/include/tcp_transport/include/" />
					<Add directory="../../../../AppData/Local/arduino15/packages/esp32/hardware/esp32/1.0.4/tools/sdk/esp32s2/include/esp_http_client/include/" />
					<Add directory="../../../../AppData/Local/arduino15/packages/esp32/hardware/esp32/1.0.4/tools/sdk/esp32s2/include/esp_http_server/include/" />
					<Add directory="../../../../AppData/Local/arduino15/packages/esp32/hardware/esp32/1.0.4/tools/sdk/esp32s2/include/esp_https_ota/include/" />
					<Add directory="../../../../AppData/Local/arduino15/packages/esp32/hardware/esp32/1.0.4/tools/sdk/esp32s2/include/esp_https_server/include/" />
					<Add directory="../../../../AppData/Local/arduino15/packages/esp32/hardware/esp32/1.0.4/tools/sdk/esp32s2/include/protobuf-c/protobuf-c/" />
					<Add directory="../../../../AppData/Local/arduino15/packages/esp32/hardware/esp32/1.0.4/tools/sdk/esp32s2/include/protocomm/include/common/" />
					<Add directory="../../../../AppData/Local/arduino15/packages/esp32/hardware/esp32/1.0.4/tools/sdk/esp32s2/include/protocomm/include/security/" />
					<Add directory="../../../../AppData/Local/arduino15/packages/esp32/hardware/esp32/1.0.4/tools/sdk/esp32s2/include/protocomm/include/transports/" />
					<Add directory="../../../../AppData/Local/arduino15/packages/esp32/hardware/esp32/1.0.4/tools/sdk/esp32s2/include/mdns/include/" />
					<Add directory="../../../../AppData/Local/arduino15/packages/esp32/hardware/esp32/1.0.4/tools/sdk/esp32s2/include/esp_local_ctrl/include/" />
					<Add directory="../../../../AppData/Local/arduino15/packages/esp32/hardware/esp32/1.0.4/tools/sdk/esp32s2/include/sdmmc/include/" />
					<Add directory="../../../../AppData/Local/arduino15/packages/esp32/hardware/esp32/1.0.4/tools/sdk/esp32s2/include/esp_serial_slave_link/include/" />
					<Add directory="../../../../AppData/Local/arduino15/packages/esp32/hardware/esp32/1.0.4/tools/sdk/esp32s2/include/esp_websocket_client/include/" />
					<Add directory="../../../../AppData/Local/arduino15/packages/esp32/hardware/esp32/1.0.4/tools/sdk/esp32s2/include/expat/expat/expat/lib/" />
					<Add directory="../../../../AppData/Local/arduino15/packages/esp32/hardware/esp32/1.0.4/tools/sdk/esp32s2/include/expat/port/include/" />
					<Add directory="../../../../AppData/Local/arduino15/packages/esp32/hardware/esp32/1.0.4/tools/sdk/esp32s2/include/wear_levelling/include/" />
					<Add directory="../../../../AppData/Local/arduino15/packages/esp32/hardware/esp32/1.0.4/tools/sdk/esp32s2/include/fatfs/diskio/" />
					<Add directory="../../../../AppData/Local/arduino15/packages/esp32/hardware/esp32/1.0.4/tools/sdk/esp32s2/include/fatfs/vfs/" />
					<Add directory="../../../../AppData/Local/arduino15/packages/esp32/hardware/esp32/1.0.4/tools/sdk/esp32s2/include/fatfs/src/" />
					<Add directory="../../../../AppData/Local/arduino15/packages/esp32/hardware/esp32/1.0.4/tools/sdk/esp32s2/include/freemodbus/common/include/" />
					<Add directory="../../../../AppData/Local/arduino15/packages/esp32/hardware/esp32/1.0.4/tools/sdk/esp32s2/include/idf_test/include/" />
					<Add directory="../../../../AppData/Local/arduino15/packages/esp32/hardware/esp32/1.0.4/tools/sdk/esp32s2/include/idf_test/include/esp32s2/" />
					<Add directory="../../../../AppData/Local/arduino15/packages/esp32/hardware/esp32/1.0.4/tools/sdk/esp32s2/include/jsmn/include/" />
					<Add directory="../../../../AppData/Local/arduino15/packages/esp32/hardware/esp32/1.0.4/tools/sdk/esp32s2/include/json/cJSON/" />
					<Add directory="../../../../AppData/Local/arduino15/packages/esp32/hardware/esp32/1.0.4/tools/sdk/esp32s2/include/libsodium/libsodium/src/libsodium/include/" />
					<Add directory="../../../../AppData/Local/arduino15/packages/esp32/hardware/esp32/1.0.4/tools/sdk/esp32s2/include/libsodium/port_include/" />
					<Add directory="../../../../AppData/Local/arduino15/packages/esp32/hardware/esp32/1.0.4/tools/sdk/esp32s2/include/mqtt/esp-mqtt/include/" />
					<Add directory="../../../../AppData/Local/arduino15/packages/esp32/hardware/esp32/1.0.4/tools/sdk/esp32s2/include/openssl/include/" />
					<Add directory="../../../../AppData/Local/arduino15/packages/esp32/hardware/esp32/1.0.4/tools/sdk/esp32s2/include/perfmon/include/" />
					<Add directory="../../../../AppData/Local/arduino15/packages/esp32/hardware/esp32/1.0.4/tools/sdk/esp32s2/include/spiffs/include/" />
					<Add directory="../../../../AppData/Local/arduino15/packages/esp32/hardware/esp32/1.0.4/tools/sdk/esp32s2/include/freertos/include/freertos/" />
					<Add directory="../../../../AppData/Local/arduino15/packages/esp32/hardware/esp32/1.0.4/tools/sdk/esp32s2/include/tinyusb/tinyusb/src/" />
					<Add directory="../../../../AppData/Local/arduino15/packages/esp32/hardware/esp32/1.0.4/tools/sdk/esp32s2/include/tinyusb/additions/include/" />
					<Add directory="../../../../AppData/Local/arduino15/packages/esp32/hardware/esp32/1.0.4/tools/sdk/esp32s2/include/ulp/include/" />
					<Add directory="../../../../AppData/Local/arduino15/packages/esp32/hardware/esp32/1.0.4/tools/sdk/esp32s2/include/wifi_provisioning/include/" />
					<Add directory="../../../../AppData/Local/arduino15/packages/esp32/hardware/esp32/1.0.4/tools/sdk/esp32s2/include/esp-face/face_detection/include/" />
					<Add directory="../../../../AppData/Local/arduino15/packages/esp32/hardware/esp32/1.0.4/tools/sdk/esp32s2/include/esp-face/face_recognition/include/" />
					<Add directory="../../../../AppData/Local/arduino15/packages/esp32/hardware/esp32/1.0.4/tools/sdk/esp32s2/include/esp-face/object_detection/include/" />
					<Add directory="../../../../AppData/Local/arduino15/packages/esp32/hardware/esp32/1.0.4/tools/sdk/esp32s2/include/esp-face/image_util/include/" />
					<Add directory="../../../../AppData/Local/arduino15/packages/esp32/hardware/esp32/1.0.4/tools/sdk/esp32s2/include/esp-face/pose_estimation/include/" />
					<Add directory="../../../../AppData/Local/arduino15/packages/esp32/hardware/esp32/1.0.4/tools/sdk/esp32s2/include/esp-face/lib/include/" />
					<Add directory="../../../../AppData/Local/arduino15/packages/esp32/hardware/esp32/1.0.4/tools/sdk/esp32s2/include/esp_littlefs/src/" />
					<Add directory="../../../../AppData/Local/arduino15/packages/esp32/hardware/esp32/1.0.4/tools/sdk/esp32s2/include/esp_littlefs/include/" />
					<Add directory="../../../../AppData/Local/arduino15/packages/esp32/hardware/esp32/1.0.4/tools/sdk/esp32s2/include/fb_gfx/include/" />
					<Add directory="../../../../AppData/Local/arduino15/packages/esp32/tools/xtensa-esp32-elf-gcc/1.22.0-80-g6c4433a-5.2.0/lib/gcc/xtensa-esp32-elf/5.2.0/include/" />
					<Add directory="../../../../AppData/Local/arduino15/packages/esp32/tools/xtensa-esp32-elf-gcc/1.22.0-80-g6c4433a-5.2.0/xtensa-esp32-elf/include/c++/5.2.0/xtensa-esp32-elf/" />
					<Add directory="../../../../AppData/Local/arduino15/packages/esp32/tools/xtensa-esp32-elf-gcc/1.22.0-80-g6c4433a-5.2.0/xtensa-esp32-elf/include/" />
					<Add directory="../../../../AppData/Local/arduino15/packages/esp32/tools/xtensa-esp32-elf-gcc/1.22.0-80-g6c4433a-5.2.0/xtensa-esp32-elf/include/c++/5.2.0/" />
					<Add directory="../../../../AppData/Local/arduino15/packages/esp32/tools/xtensa-esp32-elf-gcc/1.22.0-80-g6c4433a-5.2.0/include/c++/5.2.0/" />
					<Add directory="../../../../AppData/Local/arduino15/packages/esp32/tools/xtensa-esp32-elf-gcc/1.22.0-80-g6c4433a-5.2.0/include/" />
					<Add directory="../../../../AppData/Local/arduino15/packages/esp32/hardware/esp32/1.0.4/tools/sdk/include/" />
				</Compiler>
				<Linker>
					<Add option="/debug" />
					<Add library="winmm.lib" />
					<Add library="comctl32.lib" />
					<Add library="kernel32.lib" />
					<Add library="user32.lib" />
					<Add library="gdi32.lib" />
					<Add library="winspool.lib" />
					<Add library="comdlg32.lib" />
					<Add library="advapi32.lib" />
					<Add library="shell32.lib" />
					<Add library="ole32.lib" />
					<Add library="oleaut32.lib" />
					<Add library="uuid.lib" />
					<Add library="odbc32.lib" />
					<Add library="odbccp32.lib" />
				</Linker>
			</Target>
		</Build>
		<Compiler>
			<Add directory="." />
		</Compiler>
		<ResourceCompiler>
			<Add directory="." />
		</ResourceCompiler>
		<Linker>
			<Add option="/pdb:$(TARGET_OUTPUT_DIR)$(TARGET_OUTPUT_BASENAME).pdb" />
		</Linker>
		<Unit filename="__vm/.i2c_scaner.vsarduino.h" />
		<Unit filename="esp32_i2s.cpp" />
		<Unit filename="esp32_i2s.h" />
		<Unit filename="i2c_scaner.ino" />
		<Unit filename="i2c_scaner.rc">
			<Option compilerVar="WINDRES" />
		</Unit>
		<Unit filename="resource.h" />
		<Extensions>
			<lib_finder disable_auto="1" />
		</Extensions>
	</Project>
</CodeBlocks_project_file>
